
Microsoft Visual Studio Solution File, Format Version 12.00
# Visual Studio Version 16
VisualStudioVersion = 16.0.30717.126
MinimumVisualStudioVersion = 10.0.40219.1
Project("{FAE04EC0-301F-11D3-BF4B-00C04F79EFBC}") = "MQTT", "MQTT.csproj", "{81C4FD18-705B-4BD3-B102-2DF0E5B0CF38}"
EndProject
Global
	GlobalSection(SolutionConfigurationPlatforms) = preSolution
		Debug|Any CPU = Debug|Any CPU
		Release|Any CPU = Release|Any CPU
	EndGlobalSection
	GlobalSection(ProjectConfigurationPlatforms) = postSolution
		{81C4FD18-705B-4BD3-B102-2DF0E5B0CF38}.Debug|Any CPU.ActiveCfg = Debug|Any CPU
		{81C4FD18-705B-4BD3-B102-2DF0E5B0CF38}.Debug|Any CPU.Build.0 = Debug|Any CPU
		{81C4FD18-705B-4BD3-B102-2DF0E5B0CF38}.Release|Any CPU.ActiveCfg = Release|Any CPU
		{81C4FD18-705B-4BD3-B102-2DF0E5B0CF38}.Release|Any CPU.Build.0 = Release|Any CPU
	EndGlobalSection
	GlobalSection(SolutionProperties) = preSolution
		HideSolutionNode = FALSE
	EndGlobalSection
	GlobalSection(ExtensibilityGlobals) = postSolution
		SolutionGuid = {1C712CAD-08EC-406B-895C-C5818985338A}
	EndGlobalSection
EndGlobal
